# This file is autogenerated, do not edit; changes may be undone by the next 'dep ensure'.


[[projects]]
  name = "github.com/PuerkitoBio/goquery"
  packages = ["."]
  revision = "dc2ec5c7ca4d9aae063b79b9f581dd3ea6afd2b2"
  version = "v1.4.1"

[[projects]]
  name = "github.com/alecthomas/kingpin"
  packages = ["."]
  revision = "947dcec5ba9c011838740e680966fd7087a71d0d"
  version = "v2.2.6"

[[projects]]
  branch = "master"
  name = "github.com/alecthomas/template"
  packages = [
    ".",
    "parse"
  ]
  revision = "a0175ee3bccc567396460bf5acd36800cb10c49c"

[[projects]]
  branch = "master"
  name = "github.com/alecthomas/units"
  packages = ["."]
  revision = "2efee857e7cfd4f3d0138cc3cbb1b4966962b93a"

[[projects]]
  name = "github.com/andybalholm/cascadia"
  packages = ["."]
  revision = "901648c87902174f774fac311d7f176f8647bdaa"
  version = "v1.0.0"

[[projects]]
  branch = "master"
  name = "github.com/xconstruct/go-pushbullet"
  packages = ["."]
  revision = "67759df45fbbd23cbe3d5cdc6df7891c5b663cb8"

[[projects]]
  branch = "master"
  name = "golang.org/x/net"
  packages = [
    "html",
    "html/atom"
  ]
  revision = "afe8f62b1d6bbd81f31868121a50b06d8188e1f9"

[solve-meta]
  analyzer-name = "dep"
  analyzer-version = 1
  inputs-digest = "c2ec735802afabb33152940ba82b11d781f01d92fb02975e2b022b74d629d1ea"
  solver-name = "gps-cdcl"
  solver-version = 1
